
Microsoft Visual Studio Solution File, Format Version 12.00
# Visual Studio Version 17
VisualStudioVersion = 17.13.36105.23 d17.13
MinimumVisualStudioVersion = 10.0.40219.1
Project("{FAE04EC0-301F-11D3-BF4B-00C04F79EFBC}") = "ExploringSQLServerBackupTypes", "ExploringSQLServerBackupTypes.csproj", "{A256E938-2B3E-454E-B259-2CAD7327A36B}"
EndProject
Global
	GlobalSection(SolutionConfigurationPlatforms) = preSolution
		Debug|Any CPU = Debug|Any CPU
		Release|Any CPU = Release|Any CPU
	EndGlobalSection
	GlobalSection(ProjectConfigurationPlatforms) = postSolution
		{A256E938-2B3E-454E-B259-2CAD7327A36B}.Debug|Any CPU.ActiveCfg = Debug|Any CPU
		{A256E938-2B3E-454E-B259-2CAD7327A36B}.Debug|Any CPU.Build.0 = Debug|Any CPU
		{A256E938-2B3E-454E-B259-2CAD7327A36B}.Release|Any CPU.ActiveCfg = Release|Any CPU
		{A256E938-2B3E-454E-B259-2CAD7327A36B}.Release|Any CPU.Build.0 = Release|Any CPU
	EndGlobalSection
	GlobalSection(SolutionProperties) = preSolution
		HideSolutionNode = FALSE
	EndGlobalSection
	GlobalSection(ExtensibilityGlobals) = postSolution
		SolutionGuid = {BB15B98F-F4BB-40F2-B83B-E4903A4E9F20}
	EndGlobalSection
EndGlobal
